
Microsoft Visual Studio Solution File, Format Version 10.00
# Visual Studio 2008
Project("{FAE04EC0-301F-11D3-BF4B-00C04F79EFBC}") = "DABE.Web", "DABE.Web\DABE.Web.csproj", "{065FD328-7E6A-4D76-8A3C-131535CFB2CB}"
EndProject
Project("{FAE04EC0-301F-11D3-BF4B-00C04F79EFBC}") = "DABE.Tests", "DABE.Tests\DABE.Tests.csproj", "{E14A6F45-A426-47C9-AC4F-71734DF2084B}"
EndProject
Project("{FAE04EC0-301F-11D3-BF4B-00C04F79EFBC}") = "DABE.Core", "DABE.Core\DABE.Core.csproj", "{BA7E1198-859F-4C88-93CC-A5FFB7798896}"
EndProject
Global
	GlobalSection(SolutionConfigurationPlatforms) = preSolution
		Debug|Any CPU = Debug|Any CPU
		Release|Any CPU = Release|Any CPU
	EndGlobalSection
	GlobalSection(ProjectConfigurationPlatforms) = postSolution
		{065FD328-7E6A-4D76-8A3C-131535CFB2CB}.Debug|Any CPU.ActiveCfg = Debug|Any CPU
		{065FD328-7E6A-4D76-8A3C-131535CFB2CB}.Debug|Any CPU.Build.0 = Debug|Any CPU
		{065FD328-7E6A-4D76-8A3C-131535CFB2CB}.Release|Any CPU.ActiveCfg = Release|Any CPU
		{065FD328-7E6A-4D76-8A3C-131535CFB2CB}.Release|Any CPU.Build.0 = Release|Any CPU
		{E14A6F45-A426-47C9-AC4F-71734DF2084B}.Debug|Any CPU.ActiveCfg = Debug|Any CPU
		{E14A6F45-A426-47C9-AC4F-71734DF2084B}.Debug|Any CPU.Build.0 = Debug|Any CPU
		{E14A6F45-A426-47C9-AC4F-71734DF2084B}.Release|Any CPU.ActiveCfg = Release|Any CPU
		{E14A6F45-A426-47C9-AC4F-71734DF2084B}.Release|Any CPU.Build.0 = Release|Any CPU
		{BA7E1198-859F-4C88-93CC-A5FFB7798896}.Debug|Any CPU.ActiveCfg = Debug|Any CPU
		{BA7E1198-859F-4C88-93CC-A5FFB7798896}.Debug|Any CPU.Build.0 = Debug|Any CPU
		{BA7E1198-859F-4C88-93CC-A5FFB7798896}.Release|Any CPU.ActiveCfg = Release|Any CPU
		{BA7E1198-859F-4C88-93CC-A5FFB7798896}.Release|Any CPU.Build.0 = Release|Any CPU
	EndGlobalSection
	GlobalSection(SolutionProperties) = preSolution
		HideSolutionNode = FALSE
	EndGlobalSection
EndGlobal
